// !$*UTF8*$!
{
	archiveVersion = 1;
	classes = {
	};
	objectVersion = 56;
	objects = {

/* Begin PBXBuildFile section */
		4105E05A2B65A819007F6BC1 /* ExploreView.swift in Sources */ = {isa = PBXBuildFile; fileRef = 4105E0592B65A819007F6BC1 /* ExploreView.swift */; };
		4105E05C2B65BF19007F6BC1 /* ExploreViewModel.swift in Sources */ = {isa = PBXBuildFile; fileRef = 4105E05B2B65BF19007F6BC1 /* ExploreViewModel.swift */; };
		4105E05F2B65C81A007F6BC1 /* ExploreResultsView.swift in Sources */ = {isa = PBXBuildFile; fileRef = 4105E05E2B65C81A007F6BC1 /* ExploreResultsView.swift */; };
		415935912B64362400CF42CD /* HomeView.swift in Sources */ = {isa = PBXBuildFile; fileRef = 415935902B64362400CF42CD /* HomeView.swift */; };
		415935932B643A5B00CF42CD /* Search View.swift in Sources */ = {isa = PBXBuildFile; fileRef = 415935922B643A5B00CF42CD /* Search View.swift */; };
		415935972B643BA200CF42CD /* MovieCoverView.swift in Sources */ = {isa = PBXBuildFile; fileRef = 415935962B643BA200CF42CD /* MovieCoverView.swift */; };
		415935992B643D2700CF42CD /* MovieResponse.swift in Sources */ = {isa = PBXBuildFile; fileRef = 415935982B643D2700CF42CD /* MovieResponse.swift */; };
		4159359B2B643E3000CF42CD /* SearchViewModel.swift in Sources */ = {isa = PBXBuildFile; fileRef = 4159359A2B643E3000CF42CD /* SearchViewModel.swift */; };
		4159359D2B64430700CF42CD /* MovieDetailsView.swift in Sources */ = {isa = PBXBuildFile; fileRef = 4159359C2B64430700CF42CD /* MovieDetailsView.swift */; };
		415935A02B644C3600CF42CD /* MovieService.swift in Sources */ = {isa = PBXBuildFile; fileRef = 4159359F2B644C3600CF42CD /* MovieService.swift */; };
		415935A22B6454EC00CF42CD /* ReleasesViewModel.swift in Sources */ = {isa = PBXBuildFile; fileRef = 415935A12B6454EC00CF42CD /* ReleasesViewModel.swift */; };
		41ABF7A82B1BE494008F9872 /* foodmatchApp.swift in Sources */ = {isa = PBXBuildFile; fileRef = 41ABF7A72B1BE494008F9872 /* foodmatchApp.swift */; };
		41ABF7AA2B1BE494008F9872 /* ContentView.swift in Sources */ = {isa = PBXBuildFile; fileRef = 41ABF7A92B1BE494008F9872 /* ContentView.swift */; };
		41ABF7AC2B1BE495008F9872 /* Assets.xcassets in Resources */ = {isa = PBXBuildFile; fileRef = 41ABF7AB2B1BE495008F9872 /* Assets.xcassets */; };
		41ABF7AF2B1BE495008F9872 /* Preview Assets.xcassets in Resources */ = {isa = PBXBuildFile; fileRef = 41ABF7AE2B1BE495008F9872 /* Preview Assets.xcassets */; };
/* End PBXBuildFile section */

/* Begin PBXFileReference section */
		4105E0592B65A819007F6BC1 /* ExploreView.swift */ = {isa = PBXFileReference; lastKnownFileType = sourcecode.swift; path = ExploreView.swift; sourceTree = "<group>"; };
		4105E05B2B65BF19007F6BC1 /* ExploreViewModel.swift */ = {isa = PBXFileReference; lastKnownFileType = sourcecode.swift; path = ExploreViewModel.swift; sourceTree = "<group>"; };
		4105E05E2B65C81A007F6BC1 /* ExploreResultsView.swift */ = {isa = PBXFileReference; lastKnownFileType = sourcecode.swift; path = ExploreResultsView.swift; sourceTree = "<group>"; };
		415935902B64362400CF42CD /* HomeView.swift */ = {isa = PBXFileReference; lastKnownFileType = sourcecode.swift; path = HomeView.swift; sourceTree = "<group>"; };
		415935922B643A5B00CF42CD /* Search View.swift */ = {isa = PBXFileReference; lastKnownFileType = sourcecode.swift; path = "Search View.swift"; sourceTree = "<group>"; };
		415935962B643BA200CF42CD /* MovieCoverView.swift */ = {isa = PBXFileReference; lastKnownFileType = sourcecode.swift; path = MovieCoverView.swift; sourceTree = "<group>"; };
		415935982B643D2700CF42CD /* MovieResponse.swift */ = {isa = PBXFileReference; lastKnownFileType = sourcecode.swift; path = MovieResponse.swift; sourceTree = "<group>"; };
		4159359A2B643E3000CF42CD /* SearchViewModel.swift */ = {isa = PBXFileReference; lastKnownFileType = sourcecode.swift; path = SearchViewModel.swift; sourceTree = "<group>"; };
		4159359C2B64430700CF42CD /* MovieDetailsView.swift */ = {isa = PBXFileReference; lastKnownFileType = sourcecode.swift; path = MovieDetailsView.swift; sourceTree = "<group>"; };
		4159359F2B644C3600CF42CD /* MovieService.swift */ = {isa = PBXFileReference; lastKnownFileType = sourcecode.swift; path = MovieService.swift; sourceTree = "<group>"; };
		415935A12B6454EC00CF42CD /* ReleasesViewModel.swift */ = {isa = PBXFileReference; lastKnownFileType = sourcecode.swift; path = ReleasesViewModel.swift; sourceTree = "<group>"; };
		41ABF7A42B1BE494008F9872 /* foodmatch.app */ = {isa = PBXFileReference; explicitFileType = wrapper.application; includeInIndex = 0; path = foodmatch.app; sourceTree = BUILT_PRODUCTS_DIR; };
		41ABF7A72B1BE494008F9872 /* foodmatchApp.swift */ = {isa = PBXFileReference; lastKnownFileType = sourcecode.swift; path = foodmatchApp.swift; sourceTree = "<group>"; };
		41ABF7A92B1BE494008F9872 /* ContentView.swift */ = {isa = PBXFileReference; lastKnownFileType = sourcecode.swift; path = ContentView.swift; sourceTree = "<group>"; };
		41ABF7AB2B1BE495008F9872 /* Assets.xcassets */ = {isa = PBXFileReference; lastKnownFileType = folder.assetcatalog; path = Assets.xcassets; sourceTree = "<group>"; };
		41ABF7AE2B1BE495008F9872 /* Preview Assets.xcassets */ = {isa = PBXFileReference; lastKnownFileType = folder.assetcatalog; path = "Preview Assets.xcassets"; sourceTree = "<group>"; };
/* End PBXFileReference section */

/* Begin PBXFrameworksBuildPhase section */
		41ABF7A12B1BE494008F9872 /* Frameworks */ = {
			isa = PBXFrameworksBuildPhase;
			buildActionMask = 2147483647;
			files = (
			);
			runOnlyForDeploymentPostprocessing = 0;
		};
/* End PBXFrameworksBuildPhase section */

/* Begin PBXGroup section */
		4105E05D2B65BFBE007F6BC1 /* Explore */ = {
			isa = PBXGroup;
			children = (
				4105E0592B65A819007F6BC1 /* ExploreView.swift */,
				4105E05E2B65C81A007F6BC1 /* ExploreResultsView.swift */,
				4105E05B2B65BF19007F6BC1 /* ExploreViewModel.swift */,
			);
			path = Explore;
			sourceTree = "<group>";
		};
		4159358F2B6435DA00CF42CD /* Search */ = {
			isa = PBXGroup;
			children = (
				415935922B643A5B00CF42CD /* Search View.swift */,
				4159359A2B643E3000CF42CD /* SearchViewModel.swift */,
			);
			path = Search;
			sourceTree = "<group>";
		};
		4159359E2B644AC100CF42CD /* Shared */ = {
			isa = PBXGroup;
			children = (
				4159359F2B644C3600CF42CD /* MovieService.swift */,
				415935982B643D2700CF42CD /* MovieResponse.swift */,
			);
			path = Shared;
			sourceTree = "<group>";
		};
		41ABF79B2B1BE494008F9872 = {
			isa = PBXGroup;
			children = (
				41ABF7A62B1BE494008F9872 /* foodmatch */,
				41ABF7A52B1BE494008F9872 /* Products */,
			);
			sourceTree = "<group>";
		};
		41ABF7A52B1BE494008F9872 /* Products */ = {
			isa = PBXGroup;
			children = (
				41ABF7A42B1BE494008F9872 /* foodmatch.app */,
			);
			name = Products;
			sourceTree = "<group>";
		};
		41ABF7A62B1BE494008F9872 /* foodmatch */ = {
			isa = PBXGroup;
			children = (
				41ABF7A72B1BE494008F9872 /* foodmatchApp.swift */,
				41ABF7A92B1BE494008F9872 /* ContentView.swift */,
				4159359C2B64430700CF42CD /* MovieDetailsView.swift */,
				4105E05D2B65BFBE007F6BC1 /* Explore */,
				41D30B062B64989800E98511 /* Releases */,
				4159358F2B6435DA00CF42CD /* Search */,
				4159359E2B644AC100CF42CD /* Shared */,
				41ABF7AB2B1BE495008F9872 /* Assets.xcassets */,
				41ABF7AD2B1BE495008F9872 /* Preview Content */,
			);
			path = foodmatch;
			sourceTree = "<group>";
		};
		41ABF7AD2B1BE495008F9872 /* Preview Content */ = {
			isa = PBXGroup;
			children = (
				41ABF7AE2B1BE495008F9872 /* Preview Assets.xcassets */,
			);
			path = "Preview Content";
			sourceTree = "<group>";
		};
		41D30B062B64989800E98511 /* Releases */ = {
			isa = PBXGroup;
			children = (
				415935902B64362400CF42CD /* HomeView.swift */,
				415935A12B6454EC00CF42CD /* ReleasesViewModel.swift */,
				415935962B643BA200CF42CD /* MovieCoverView.swift */,
			);
			name = Releases;
			sourceTree = "<group>";
		};
/* End PBXGroup section */

/* Begin PBXNativeTarget section */
		41ABF7A32B1BE494008F9872 /* foodmatch */ = {
			isa = PBXNativeTarget;
			buildConfigurationList = 41ABF7B22B1BE495008F9872 /* Build configuration list for PBXNativeTarget "foodmatch" */;
			buildPhases = (
				41ABF7A02B1BE494008F9872 /* Sources */,
				41ABF7A12B1BE494008F9872 /* Frameworks */,
				41ABF7A22B1BE494008F9872 /* Resources */,
			);
			buildRules = (
			);
			dependencies = (
			);
			name = foodmatch;
			productName = foodmatch;
			productReference = 41ABF7A42B1BE494008F9872 /* foodmatch.app */;
			productType = "com.apple.product-type.application";
		};
/* End PBXNativeTarget section */

/* Begin PBXProject section */
		41ABF79C2B1BE494008F9872 /* Project object */ = {
			isa = PBXProject;
			attributes = {
				BuildIndependentTargetsInParallel = 1;
				LastSwiftUpdateCheck = 1500;
				LastUpgradeCheck = 1500;
				TargetAttributes = {
					41ABF7A32B1BE494008F9872 = {
						CreatedOnToolsVersion = 15.0.1;
					};
				};
			};
			buildConfigurationList = 41ABF79F2B1BE494008F9872 /* Build configuration list for PBXProject "foodmatch" */;
			compatibilityVersion = "Xcode 14.0";
			developmentRegion = en;
			hasScannedForEncodings = 0;
			knownRegions = (
				en,
				Base,
			);
			mainGroup = 41ABF79B2B1BE494008F9872;
			productRefGroup = 41ABF7A52B1BE494008F9872 /* Products */;
			projectDirPath = "";
			projectRoot = "";
			targets = (
				41ABF7A32B1BE494008F9872 /* foodmatch */,
			);
		};
/* End PBXProject section */

/* Begin PBXResourcesBuildPhase section */
		41ABF7A22B1BE494008F9872 /* Resources */ = {
			isa = PBXResourcesBuildPhase;
			buildActionMask = 2147483647;
			files = (
				41ABF7AF2B1BE495008F9872 /* Preview Assets.xcassets in Resources */,
				41ABF7AC2B1BE495008F9872 /* Assets.xcassets in Resources */,
			);
			runOnlyForDeploymentPostprocessing = 0;
		};
/* End PBXResourcesBuildPhase section */

/* Begin PBXSourcesBuildPhase section */
		41ABF7A02B1BE494008F9872 /* Sources */ = {
			isa = PBXSourcesBuildPhase;
			buildActionMask = 2147483647;
			files = (
				4105E05C2B65BF19007F6BC1 /* ExploreViewModel.swift in Sources */,
				415935992B643D2700CF42CD /* MovieResponse.swift in Sources */,
				4159359B2B643E3000CF42CD /* SearchViewModel.swift in Sources */,
				415935912B64362400CF42CD /* HomeView.swift in Sources */,
				415935A02B644C3600CF42CD /* MovieService.swift in Sources */,
				415935932B643A5B00CF42CD /* Search View.swift in Sources */,
				41ABF7AA2B1BE494008F9872 /* ContentView.swift in Sources */,
				4159359D2B64430700CF42CD /* MovieDetailsView.swift in Sources */,
				415935A22B6454EC00CF42CD /* ReleasesViewModel.swift in Sources */,
				41ABF7A82B1BE494008F9872 /* foodmatchApp.swift in Sources */,
				4105E05A2B65A819007F6BC1 /* ExploreView.swift in Sources */,
				415935972B643BA200CF42CD /* MovieCoverView.swift in Sources */,
				4105E05F2B65C81A007F6BC1 /* ExploreResultsView.swift in Sources */,
			);
			runOnlyForDeploymentPostprocessing = 0;
		};
/* End PBXSourcesBuildPhase section */

/* Begin XCBuildConfiguration section */
		41ABF7B02B1BE495008F9872 /* Debug */ = {
			isa = XCBuildConfiguration;
			buildSettings = {
				ALWAYS_SEARCH_USER_PATHS = NO;
				ASSETCATALOG_COMPILER_GENERATE_SWIFT_ASSET_SYMBOL_EXTENSIONS = YES;
				CLANG_ANALYZER_NONNULL = YES;
				CLANG_ANALYZER_NUMBER_OBJECT_CONVERSION = YES_AGGRESSIVE;
				CLANG_CXX_LANGUAGE_STANDARD = "gnu++20";
				CLANG_ENABLE_MODULES = YES;
				CLANG_ENABLE_OBJC_ARC = YES;
				CLANG_ENABLE_OBJC_WEAK = YES;
				CLANG_WARN_BLOCK_CAPTURE_AUTORELEASING = YES;
				CLANG_WARN_BOOL_CONVERSION = YES;
				CLANG_WARN_COMMA = YES;
				CLANG_WARN_CONSTANT_CONVERSION = YES;
				CLANG_WARN_DEPRECATED_OBJC_IMPLEMENTATIONS = YES;
				CLANG_WARN_DIRECT_OBJC_ISA_USAGE = YES_ERROR;
				CLANG_WARN_DOCUMENTATION_COMMENTS = YES;
				CLANG_WARN_EMPTY_BODY = YES;
				CLANG_WARN_ENUM_CONVERSION = YES;
				CLANG_WARN_INFINITE_RECURSION = YES;
				CLANG_WARN_INT_CONVERSION = YES;
				CLANG_WARN_NON_LITERAL_NULL_CONVERSION = YES;
				CLANG_WARN_OBJC_IMPLICIT_RETAIN_SELF = YES;
				CLANG_WARN_OBJC_LITERAL_CONVERSION = YES;
				CLANG_WARN_OBJC_ROOT_CLASS = YES_ERROR;
				CLANG_WARN_QUOTED_INCLUDE_IN_FRAMEWORK_HEADER = YES;
				CLANG_WARN_RANGE_LOOP_ANALYSIS = YES;
				CLANG_WARN_STRICT_PROTOTYPES = YES;
				CLANG_WARN_SUSPICIOUS_MOVE = YES;
				CLANG_WARN_UNGUARDED_AVAILABILITY = YES_AGGRESSIVE;
				CLANG_WARN_UNREACHABLE_CODE = YES;
				CLANG_WARN__DUPLICATE_METHOD_MATCH = YES;
				COPY_PHASE_STRIP = NO;
				DEBUG_INFORMATION_FORMAT = dwarf;
				ENABLE_STRICT_OBJC_MSGSEND = YES;
				ENABLE_TESTABILITY = YES;
				ENABLE_USER_SCRIPT_SANDBOXING = YES;
				GCC_C_LANGUAGE_STANDARD = gnu17;
				GCC_DYNAMIC_NO_PIC = NO;
				GCC_NO_COMMON_BLOCKS = YES;
				GCC_OPTIMIZATION_LEVEL = 0;
				GCC_PREPROCESSOR_DEFINITIONS = (
					"DEBUG=1",
					"$(inherited)",
				);
				GCC_WARN_64_TO_32_BIT_CONVERSION = YES;
				GCC_WARN_ABOUT_RETURN_TYPE = YES_ERROR;
				GCC_WARN_UNDECLARED_SELECTOR = YES;
				GCC_WARN_UNINITIALIZED_AUTOS = YES_AGGRESSIVE;
				GCC_WARN_UNUSED_FUNCTION = YES;
				GCC_WARN_UNUSED_VARIABLE = YES;
				IPHONEOS_DEPLOYMENT_TARGET = 17.0;
				LOCALIZATION_PREFERS_STRING_CATALOGS = YES;
				MTL_ENABLE_DEBUG_INFO = INCLUDE_SOURCE;
				MTL_FAST_MATH = YES;
				ONLY_ACTIVE_ARCH = YES;
				SDKROOT = iphoneos;
				SWIFT_ACTIVE_COMPILATION_CONDITIONS = "DEBUG $(inherited)";
				SWIFT_OPTIMIZATION_LEVEL = "-Onone";
			};
			name = Debug;
		};
		41ABF7B12B1BE495008F9872 /* Release */ = {
			isa = XCBuildConfiguration;
			buildSettings = {
				ALWAYS_SEARCH_USER_PATHS = NO;
				ASSETCATALOG_COMPILER_GENERATE_SWIFT_ASSET_SYMBOL_EXTENSIONS = YES;
				CLANG_ANALYZER_NONNULL = YES;
				CLANG_ANALYZER_NUMBER_OBJECT_CONVERSION = YES_AGGRESSIVE;
				CLANG_CXX_LANGUAGE_STANDARD = "gnu++20";
				CLANG_ENABLE_MODULES = YES;
				CLANG_ENABLE_OBJC_ARC = YES;
				CLANG_ENABLE_OBJC_WEAK = YES;
				CLANG_WARN_BLOCK_CAPTURE_AUTORELEASING = YES;
				CLANG_WARN_BOOL_CONVERSION = YES;
				CLANG_WARN_COMMA = YES;
				CLANG_WARN_CONSTANT_CONVERSION = YES;
				CLANG_WARN_DEPRECATED_OBJC_IMPLEMENTATIONS = YES;
				CLANG_WARN_DIRECT_OBJC_ISA_USAGE = YES_ERROR;
				CLANG_WARN_DOCUMENTATION_COMMENTS = YES;
				CLANG_WARN_EMPTY_BODY = YES;
				CLANG_WARN_ENUM_CONVERSION = YES;
				CLANG_WARN_INFINITE_RECURSION = YES;
				CLANG_WARN_INT_CONVERSION = YES;
				CLANG_WARN_NON_LITERAL_NULL_CONVERSION = YES;
				CLANG_WARN_OBJC_IMPLICIT_RETAIN_SELF = YES;
				CLANG_WARN_OBJC_LITERAL_CONVERSION = YES;
				CLANG_WARN_OBJC_ROOT_CLASS = YES_ERROR;
				CLANG_WARN_QUOTED_INCLUDE_IN_FRAMEWORK_HEADER = YES;
				CLANG_WARN_RANGE_LOOP_ANALYSIS = YES;
				CLANG_WARN_STRICT_PROTOTYPES = YES;
				CLANG_WARN_SUSPICIOUS_MOVE = YES;
				CLANG_WARN_UNGUARDED_AVAILABILITY = YES_AGGRESSIVE;
				CLANG_WARN_UNREACHABLE_CODE = YES;
				CLANG_WARN__DUPLICATE_METHOD_MATCH = YES;
				COPY_PHASE_STRIP = NO;
				DEBUG_INFORMATION_FORMAT = "dwarf-with-dsym";
				ENABLE_NS_ASSERTIONS = NO;
				ENABLE_STRICT_OBJC_MSGSEND = YES;
				ENABLE_USER_SCRIPT_SANDBOXING = YES;
				GCC_C_LANGUAGE_STANDARD = gnu17;
				GCC_NO_COMMON_BLOCKS = YES;
				GCC_WARN_64_TO_32_BIT_CONVERSION = YES;
				GCC_WARN_ABOUT_RETURN_TYPE = YES_ERROR;
				GCC_WARN_UNDECLARED_SELECTOR = YES;
				GCC_WARN_UNINITIALIZED_AUTOS = YES_AGGRESSIVE;
				GCC_WARN_UNUSED_FUNCTION = YES;
				GCC_WARN_UNUSED_VARIABLE = YES;
				IPHONEOS_DEPLOYMENT_TARGET = 17.0;
				LOCALIZATION_PREFERS_STRING_CATALOGS = YES;
				MTL_ENABLE_DEBUG_INFO = NO;
				MTL_FAST_MATH = YES;
				SDKROOT = iphoneos;
				SWIFT_COMPILATION_MODE = wholemodule;
				VALIDATE_PRODUCT = YES;
			};
			name = Release;
		};
		41ABF7B32B1BE495008F9872 /* Debug */ = {
			isa = XCBuildConfiguration;
			buildSettings = {
				ASSETCATALOG_COMPILER_APPICON_NAME = AppIcon;
				ASSETCATALOG_COMPILER_GLOBAL_ACCENT_COLOR_NAME = AccentColor;
				CODE_SIGN_STYLE = Automatic;
				CURRENT_PROJECT_VERSION = 1;
				DEVELOPMENT_ASSET_PATHS = "\"foodmatch/Preview Content\"";
				DEVELOPMENT_TEAM = LU2TMH9CPW;
				ENABLE_PREVIEWS = YES;
				GENERATE_INFOPLIST_FILE = YES;
				INFOPLIST_KEY_UIApplicationSceneManifest_Generation = YES;
				INFOPLIST_KEY_UIApplicationSupportsIndirectInputEvents = YES;
				INFOPLIST_KEY_UILaunchScreen_Generation = YES;
				INFOPLIST_KEY_UISupportedInterfaceOrientations_iPad = "UIInterfaceOrientationPortrait UIInterfaceOrientationPortraitUpsideDown UIInterfaceOrientationLandscapeLeft UIInterfaceOrientationLandscapeRight";
				INFOPLIST_KEY_UISupportedInterfaceOrientations_iPhone = "UIInterfaceOrientationPortrait UIInterfaceOrientationLandscapeLeft UIInterfaceOrientationLandscapeRight";
				LD_RUNPATH_SEARCH_PATHS = (
					"$(inherited)",
					"@executable_path/Frameworks",
				);
				MARKETING_VERSION = 1.0;
				PRODUCT_BUNDLE_IDENTIFIER = com.brynnedelaney.foodmatch;
				PRODUCT_NAME = "$(TARGET_NAME)";
				SWIFT_EMIT_LOC_STRINGS = YES;
				SWIFT_VERSION = 5.0;
				TARGETED_DEVICE_FAMILY = "1,2";
			};
			name = Debug;
		};
		41ABF7B42B1BE495008F9872 /* Release */ = {
			isa = XCBuildConfiguration;
			buildSettings = {
				ASSETCATALOG_COMPILER_APPICON_NAME = AppIcon;
				ASSETCATALOG_COMPILER_GLOBAL_ACCENT_COLOR_NAME = AccentColor;
				CODE_SIGN_STYLE = Automatic;
				CURRENT_PROJECT_VERSION = 1;
				DEVELOPMENT_ASSET_PATHS = "\"foodmatch/Preview Content\"";
				DEVELOPMENT_TEAM = LU2TMH9CPW;
				ENABLE_PREVIEWS = YES;
				GENERATE_INFOPLIST_FILE = YES;
				INFOPLIST_KEY_UIApplicationSceneManifest_Generation = YES;
				INFOPLIST_KEY_UIApplicationSupportsIndirectInputEvents = YES;
				INFOPLIST_KEY_UILaunchScreen_Generation = YES;
				INFOPLIST_KEY_UISupportedInterfaceOrientations_iPad = "UIInterfaceOrientationPortrait UIInterfaceOrientationPortraitUpsideDown UIInterfaceOrientationLandscapeLeft UIInterfaceOrientationLandscapeRight";
				INFOPLIST_KEY_UISupportedInterfaceOrientations_iPhone = "UIInterfaceOrientationPortrait UIInterfaceOrientationLandscapeLeft UIInterfaceOrientationLandscapeRight";
				LD_RUNPATH_SEARCH_PATHS = (
					"$(inherited)",
					"@executable_path/Frameworks",
				);
				MARKETING_VERSION = 1.0;
				PRODUCT_BUNDLE_IDENTIFIER = com.brynnedelaney.foodmatch;
				PRODUCT_NAME = "$(TARGET_NAME)";
				SWIFT_EMIT_LOC_STRINGS = YES;
				SWIFT_VERSION = 5.0;
				TARGETED_DEVICE_FAMILY = "1,2";
			};
			name = Release;
		};
/* End XCBuildConfiguration section */

/* Begin XCConfigurationList section */
		41ABF79F2B1BE494008F9872 /* Build configuration list for PBXProject "foodmatch" */ = {
			isa = XCConfigurationList;
			buildConfigurations = (
				41ABF7B02B1BE495008F9872 /* Debug */,
				41ABF7B12B1BE495008F9872 /* Release */,
			);
			defaultConfigurationIsVisible = 0;
			defaultConfigurationName = Release;
		};
		41ABF7B22B1BE495008F9872 /* Build configuration list for PBXNativeTarget "foodmatch" */ = {
			isa = XCConfigurationList;
			buildConfigurations = (
				41ABF7B32B1BE495008F9872 /* Debug */,
				41ABF7B42B1BE495008F9872 /* Release */,
			);
			defaultConfigurationIsVisible = 0;
			defaultConfigurationName = Release;
		};
/* End XCConfigurationList section */
	};
	rootObject = 41ABF79C2B1BE494008F9872 /* Project object */;
}
